
Microsoft Visual Studio Solution File, Format Version 12.00
# Visual Studio 2013
VisualStudioVersion = 12.0.21005.1
MinimumVisualStudioVersion = 10.0.40219.1
Project("{FAE04EC0-301F-11D3-BF4B-00C04F79EFBC}") = "fft_play", "fft_play\fft_play.csproj", "{73D1B1A1-BC58-43B8-9082-9A429D221016}"
EndProject
Global
	GlobalSection(SolutionConfigurationPlatforms) = preSolution
		Debug|Any CPU = Debug|Any CPU
		Release|Any CPU = Release|Any CPU
	EndGlobalSection
	GlobalSection(ProjectConfigurationPlatforms) = postSolution
		{73D1B1A1-BC58-43B8-9082-9A429D221016}.Debug|Any CPU.ActiveCfg = Debug|Any CPU
		{73D1B1A1-BC58-43B8-9082-9A429D221016}.Debug|Any CPU.Build.0 = Debug|Any CPU
		{73D1B1A1-BC58-43B8-9082-9A429D221016}.Release|Any CPU.ActiveCfg = Release|Any CPU
		{73D1B1A1-BC58-43B8-9082-9A429D221016}.Release|Any CPU.Build.0 = Release|Any CPU
	EndGlobalSection
	GlobalSection(SolutionProperties) = preSolution
		HideSolutionNode = FALSE
	EndGlobalSection
EndGlobal
